// !$*UTF8*$!
{
	archiveVersion = 1;
	classes = {
	};
	objectVersion = 56;
	objects = {

/* Begin PBXBuildFile section */
		92F64C3A2B0F20E90056093F /* apiHitinswiftuiApp.swift in Sources */ = {isa = PBXBuildFile; fileRef = 92F64C392B0F20E90056093F /* apiHitinswiftuiApp.swift */; };
		92F64C3E2B0F20EC0056093F /* Assets.xcassets in Resources */ = {isa = PBXBuildFile; fileRef = 92F64C3D2B0F20EC0056093F /* Assets.xcassets */; };
		92F64C412B0F20EC0056093F /* Preview Assets.xcassets in Resources */ = {isa = PBXBuildFile; fileRef = 92F64C402B0F20EC0056093F /* Preview Assets.xcassets */; };
		92F64C4B2B0F22F40056093F /* MovieModel.swift in Sources */ = {isa = PBXBuildFile; fileRef = 92F64C4A2B0F22F40056093F /* MovieModel.swift */; };
		92F64C4D2B0F2DC60056093F /* HomeView.swift in Sources */ = {isa = PBXBuildFile; fileRef = 92F64C4C2B0F2DC60056093F /* HomeView.swift */; };
		92F64C4F2B0F2FA30056093F /* HomeViewModel.swift in Sources */ = {isa = PBXBuildFile; fileRef = 92F64C4E2B0F2FA30056093F /* HomeViewModel.swift */; };
		92F64C522B0F2FB90056093F /* HomeServices.swift in Sources */ = {isa = PBXBuildFile; fileRef = 92F64C512B0F2FB90056093F /* HomeServices.swift */; };
/* End PBXBuildFile section */

/* Begin PBXFileReference section */
		92F64C362B0F20E90056093F /* apiHitinswiftui.app */ = {isa = PBXFileReference; explicitFileType = wrapper.application; includeInIndex = 0; path = apiHitinswiftui.app; sourceTree = BUILT_PRODUCTS_DIR; };
		92F64C392B0F20E90056093F /* apiHitinswiftuiApp.swift */ = {isa = PBXFileReference; lastKnownFileType = sourcecode.swift; path = apiHitinswiftuiApp.swift; sourceTree = "<group>"; };
		92F64C3D2B0F20EC0056093F /* Assets.xcassets */ = {isa = PBXFileReference; lastKnownFileType = folder.assetcatalog; path = Assets.xcassets; sourceTree = "<group>"; };
		92F64C402B0F20EC0056093F /* Preview Assets.xcassets */ = {isa = PBXFileReference; lastKnownFileType = folder.assetcatalog; path = "Preview Assets.xcassets"; sourceTree = "<group>"; };
		92F64C4A2B0F22F40056093F /* MovieModel.swift */ = {isa = PBXFileReference; lastKnownFileType = sourcecode.swift; path = MovieModel.swift; sourceTree = "<group>"; };
		92F64C4C2B0F2DC60056093F /* HomeView.swift */ = {isa = PBXFileReference; lastKnownFileType = sourcecode.swift; path = HomeView.swift; sourceTree = "<group>"; };
		92F64C4E2B0F2FA30056093F /* HomeViewModel.swift */ = {isa = PBXFileReference; lastKnownFileType = sourcecode.swift; path = HomeViewModel.swift; sourceTree = "<group>"; };
		92F64C512B0F2FB90056093F /* HomeServices.swift */ = {isa = PBXFileReference; lastKnownFileType = sourcecode.swift; path = HomeServices.swift; sourceTree = "<group>"; };
/* End PBXFileReference section */

/* Begin PBXFrameworksBuildPhase section */
		92F64C332B0F20E90056093F /* Frameworks */ = {
			isa = PBXFrameworksBuildPhase;
			buildActionMask = 2147483647;
			files = (
			);
			runOnlyForDeploymentPostprocessing = 0;
		};
/* End PBXFrameworksBuildPhase section */

/* Begin PBXGroup section */
		92F64C2D2B0F20E90056093F = {
			isa = PBXGroup;
			children = (
				92F64C382B0F20E90056093F /* apiHitinswiftui */,
				92F64C372B0F20E90056093F /* Products */,
			);
			sourceTree = "<group>";
		};
		92F64C372B0F20E90056093F /* Products */ = {
			isa = PBXGroup;
			children = (
				92F64C362B0F20E90056093F /* apiHitinswiftui.app */,
			);
			name = Products;
			sourceTree = "<group>";
		};
		92F64C382B0F20E90056093F /* apiHitinswiftui */ = {
			isa = PBXGroup;
			children = (
				92F64C502B0F2FA70056093F /* Services */,
				92F64C472B0F22BA0056093F /* Model */,
				92F64C492B0F22C30056093F /* ViewModel */,
				92F64C482B0F22BF0056093F /* View */,
				92F64C392B0F20E90056093F /* apiHitinswiftuiApp.swift */,
				92F64C3D2B0F20EC0056093F /* Assets.xcassets */,
				92F64C3F2B0F20EC0056093F /* Preview Content */,
			);
			path = apiHitinswiftui;
			sourceTree = "<group>";
		};
		92F64C3F2B0F20EC0056093F /* Preview Content */ = {
			isa = PBXGroup;
			children = (
				92F64C402B0F20EC0056093F /* Preview Assets.xcassets */,
			);
			path = "Preview Content";
			sourceTree = "<group>";
		};
		92F64C472B0F22BA0056093F /* Model */ = {
			isa = PBXGroup;
			children = (
				92F64C4A2B0F22F40056093F /* MovieModel.swift */,
			);
			path = Model;
			sourceTree = "<group>";
		};
		92F64C482B0F22BF0056093F /* View */ = {
			isa = PBXGroup;
			children = (
				92F64C4C2B0F2DC60056093F /* HomeView.swift */,
			);
			path = View;
			sourceTree = "<group>";
		};
		92F64C492B0F22C30056093F /* ViewModel */ = {
			isa = PBXGroup;
			children = (
				92F64C4E2B0F2FA30056093F /* HomeViewModel.swift */,
			);
			path = ViewModel;
			sourceTree = "<group>";
		};
		92F64C502B0F2FA70056093F /* Services */ = {
			isa = PBXGroup;
			children = (
				92F64C512B0F2FB90056093F /* HomeServices.swift */,
			);
			path = Services;
			sourceTree = "<group>";
		};
/* End PBXGroup section */

/* Begin PBXNativeTarget section */
		92F64C352B0F20E90056093F /* apiHitinswiftui */ = {
			isa = PBXNativeTarget;
			buildConfigurationList = 92F64C442B0F20EC0056093F /* Build configuration list for PBXNativeTarget "apiHitinswiftui" */;
			buildPhases = (
				92F64C322B0F20E90056093F /* Sources */,
				92F64C332B0F20E90056093F /* Frameworks */,
				92F64C342B0F20E90056093F /* Resources */,
			);
			buildRules = (
			);
			dependencies = (
			);
			name = apiHitinswiftui;
			productName = apiHitinswiftui;
			productReference = 92F64C362B0F20E90056093F /* apiHitinswiftui.app */;
			productType = "com.apple.product-type.application";
		};
/* End PBXNativeTarget section */

/* Begin PBXProject section */
		92F64C2E2B0F20E90056093F /* Project object */ = {
			isa = PBXProject;
			attributes = {
				BuildIndependentTargetsInParallel = 1;
				LastSwiftUpdateCheck = 1410;
				LastUpgradeCheck = 1410;
				TargetAttributes = {
					92F64C352B0F20E90056093F = {
						CreatedOnToolsVersion = 14.1;
					};
				};
			};
			buildConfigurationList = 92F64C312B0F20E90056093F /* Build configuration list for PBXProject "apiHitinswiftui" */;
			compatibilityVersion = "Xcode 14.0";
			developmentRegion = en;
			hasScannedForEncodings = 0;
			knownRegions = (
				en,
				Base,
			);
			mainGroup = 92F64C2D2B0F20E90056093F;
			productRefGroup = 92F64C372B0F20E90056093F /* Products */;
			projectDirPath = "";
			projectRoot = "";
			targets = (
				92F64C352B0F20E90056093F /* apiHitinswiftui */,
			);
		};
/* End PBXProject section */

/* Begin PBXResourcesBuildPhase section */
		92F64C342B0F20E90056093F /* Resources */ = {
			isa = PBXResourcesBuildPhase;
			buildActionMask = 2147483647;
			files = (
				92F64C412B0F20EC0056093F /* Preview Assets.xcassets in Resources */,
				92F64C3E2B0F20EC0056093F /* Assets.xcassets in Resources */,
			);
			runOnlyForDeploymentPostprocessing = 0;
		};
/* End PBXResourcesBuildPhase section */

/* Begin PBXSourcesBuildPhase section */
		92F64C322B0F20E90056093F /* Sources */ = {
			isa = PBXSourcesBuildPhase;
			buildActionMask = 2147483647;
			files = (
				92F64C4B2B0F22F40056093F /* MovieModel.swift in Sources */,
				92F64C4D2B0F2DC60056093F /* HomeView.swift in Sources */,
				92F64C3A2B0F20E90056093F /* apiHitinswiftuiApp.swift in Sources */,
				92F64C522B0F2FB90056093F /* HomeServices.swift in Sources */,
				92F64C4F2B0F2FA30056093F /* HomeViewModel.swift in Sources */,
			);
			runOnlyForDeploymentPostprocessing = 0;
		};
/* End PBXSourcesBuildPhase section */

/* Begin XCBuildConfiguration section */
		92F64C422B0F20EC0056093F /* Debug */ = {
			isa = XCBuildConfiguration;
			buildSettings = {
				ALWAYS_SEARCH_USER_PATHS = NO;
				CLANG_ANALYZER_NONNULL = YES;
				CLANG_ANALYZER_NUMBER_OBJECT_CONVERSION = YES_AGGRESSIVE;
				CLANG_CXX_LANGUAGE_STANDARD = "gnu++20";
				CLANG_ENABLE_MODULES = YES;
				CLANG_ENABLE_OBJC_ARC = YES;
				CLANG_ENABLE_OBJC_WEAK = YES;
				CLANG_WARN_BLOCK_CAPTURE_AUTORELEASING = YES;
				CLANG_WARN_BOOL_CONVERSION = YES;
				CLANG_WARN_COMMA = YES;
				CLANG_WARN_CONSTANT_CONVERSION = YES;
				CLANG_WARN_DEPRECATED_OBJC_IMPLEMENTATIONS = YES;
				CLANG_WARN_DIRECT_OBJC_ISA_USAGE = YES_ERROR;
				CLANG_WARN_DOCUMENTATION_COMMENTS = YES;
				CLANG_WARN_EMPTY_BODY = YES;
				CLANG_WARN_ENUM_CONVERSION = YES;
				CLANG_WARN_INFINITE_RECURSION = YES;
				CLANG_WARN_INT_CONVERSION = YES;
				CLANG_WARN_NON_LITERAL_NULL_CONVERSION = YES;
				CLANG_WARN_OBJC_IMPLICIT_RETAIN_SELF = YES;
				CLANG_WARN_OBJC_LITERAL_CONVERSION = YES;
				CLANG_WARN_OBJC_ROOT_CLASS = YES_ERROR;
				CLANG_WARN_QUOTED_INCLUDE_IN_FRAMEWORK_HEADER = YES;
				CLANG_WARN_RANGE_LOOP_ANALYSIS = YES;
				CLANG_WARN_STRICT_PROTOTYPES = YES;
				CLANG_WARN_SUSPICIOUS_MOVE = YES;
				CLANG_WARN_UNGUARDED_AVAILABILITY = YES_AGGRESSIVE;
				CLANG_WARN_UNREACHABLE_CODE = YES;
				CLANG_WARN__DUPLICATE_METHOD_MATCH = YES;
				COPY_PHASE_STRIP = NO;
				DEBUG_INFORMATION_FORMAT = dwarf;
				ENABLE_STRICT_OBJC_MSGSEND = YES;
				ENABLE_TESTABILITY = YES;
				GCC_C_LANGUAGE_STANDARD = gnu11;
				GCC_DYNAMIC_NO_PIC = NO;
				GCC_NO_COMMON_BLOCKS = YES;
				GCC_OPTIMIZATION_LEVEL = 0;
				GCC_PREPROCESSOR_DEFINITIONS = (
					"DEBUG=1",
					"$(inherited)",
				);
				GCC_WARN_64_TO_32_BIT_CONVERSION = YES;
				GCC_WARN_ABOUT_RETURN_TYPE = YES_ERROR;
				GCC_WARN_UNDECLARED_SELECTOR = YES;
				GCC_WARN_UNINITIALIZED_AUTOS = YES_AGGRESSIVE;
				GCC_WARN_UNUSED_FUNCTION = YES;
				GCC_WARN_UNUSED_VARIABLE = YES;
				IPHONEOS_DEPLOYMENT_TARGET = 16.1;
				MTL_ENABLE_DEBUG_INFO = INCLUDE_SOURCE;
				MTL_FAST_MATH = YES;
				ONLY_ACTIVE_ARCH = YES;
				SDKROOT = iphoneos;
				SWIFT_ACTIVE_COMPILATION_CONDITIONS = DEBUG;
				SWIFT_OPTIMIZATION_LEVEL = "-Onone";
			};
			name = Debug;
		};
		92F64C432B0F20EC0056093F /* Release */ = {
			isa = XCBuildConfiguration;
			buildSettings = {
				ALWAYS_SEARCH_USER_PATHS = NO;
				CLANG_ANALYZER_NONNULL = YES;
				CLANG_ANALYZER_NUMBER_OBJECT_CONVERSION = YES_AGGRESSIVE;
				CLANG_CXX_LANGUAGE_STANDARD = "gnu++20";
				CLANG_ENABLE_MODULES = YES;
				CLANG_ENABLE_OBJC_ARC = YES;
				CLANG_ENABLE_OBJC_WEAK = YES;
				CLANG_WARN_BLOCK_CAPTURE_AUTORELEASING = YES;
				CLANG_WARN_BOOL_CONVERSION = YES;
				CLANG_WARN_COMMA = YES;
				CLANG_WARN_CONSTANT_CONVERSION = YES;
				CLANG_WARN_DEPRECATED_OBJC_IMPLEMENTATIONS = YES;
				CLANG_WARN_DIRECT_OBJC_ISA_USAGE = YES_ERROR;
				CLANG_WARN_DOCUMENTATION_COMMENTS = YES;
				CLANG_WARN_EMPTY_BODY = YES;
				CLANG_WARN_ENUM_CONVERSION = YES;
				CLANG_WARN_INFINITE_RECURSION = YES;
				CLANG_WARN_INT_CONVERSION = YES;
				CLANG_WARN_NON_LITERAL_NULL_CONVERSION = YES;
				CLANG_WARN_OBJC_IMPLICIT_RETAIN_SELF = YES;
				CLANG_WARN_OBJC_LITERAL_CONVERSION = YES;
				CLANG_WARN_OBJC_ROOT_CLASS = YES_ERROR;
				CLANG_WARN_QUOTED_INCLUDE_IN_FRAMEWORK_HEADER = YES;
				CLANG_WARN_RANGE_LOOP_ANALYSIS = YES;
				CLANG_WARN_STRICT_PROTOTYPES = YES;
				CLANG_WARN_SUSPICIOUS_MOVE = YES;
				CLANG_WARN_UNGUARDED_AVAILABILITY = YES_AGGRESSIVE;
				CLANG_WARN_UNREACHABLE_CODE = YES;
				CLANG_WARN__DUPLICATE_METHOD_MATCH = YES;
				COPY_PHASE_STRIP = NO;
				DEBUG_INFORMATION_FORMAT = "dwarf-with-dsym";
				ENABLE_NS_ASSERTIONS = NO;
				ENABLE_STRICT_OBJC_MSGSEND = YES;
				GCC_C_LANGUAGE_STANDARD = gnu11;
				GCC_NO_COMMON_BLOCKS = YES;
				GCC_WARN_64_TO_32_BIT_CONVERSION = YES;
				GCC_WARN_ABOUT_RETURN_TYPE = YES_ERROR;
				GCC_WARN_UNDECLARED_SELECTOR = YES;
				GCC_WARN_UNINITIALIZED_AUTOS = YES_AGGRESSIVE;
				GCC_WARN_UNUSED_FUNCTION = YES;
				GCC_WARN_UNUSED_VARIABLE = YES;
				IPHONEOS_DEPLOYMENT_TARGET = 16.1;
				MTL_ENABLE_DEBUG_INFO = NO;
				MTL_FAST_MATH = YES;
				SDKROOT = iphoneos;
				SWIFT_COMPILATION_MODE = wholemodule;
				SWIFT_OPTIMIZATION_LEVEL = "-O";
				VALIDATE_PRODUCT = YES;
			};
			name = Release;
		};
		92F64C452B0F20EC0056093F /* Debug */ = {
			isa = XCBuildConfiguration;
			buildSettings = {
				ASSETCATALOG_COMPILER_APPICON_NAME = AppIcon;
				ASSETCATALOG_COMPILER_GLOBAL_ACCENT_COLOR_NAME = AccentColor;
				CODE_SIGN_STYLE = Automatic;
				CURRENT_PROJECT_VERSION = 1;
				DEVELOPMENT_ASSET_PATHS = "\"apiHitinswiftui/Preview Content\"";
				ENABLE_PREVIEWS = YES;
				GENERATE_INFOPLIST_FILE = YES;
				INFOPLIST_KEY_UIApplicationSceneManifest_Generation = YES;
				INFOPLIST_KEY_UIApplicationSupportsIndirectInputEvents = YES;
				INFOPLIST_KEY_UILaunchScreen_Generation = YES;
				INFOPLIST_KEY_UISupportedInterfaceOrientations_iPad = "UIInterfaceOrientationPortrait UIInterfaceOrientationPortraitUpsideDown UIInterfaceOrientationLandscapeLeft UIInterfaceOrientationLandscapeRight";
				INFOPLIST_KEY_UISupportedInterfaceOrientations_iPhone = "UIInterfaceOrientationPortrait UIInterfaceOrientationLandscapeLeft UIInterfaceOrientationLandscapeRight";
				LD_RUNPATH_SEARCH_PATHS = (
					"$(inherited)",
					"@executable_path/Frameworks",
				);
				MARKETING_VERSION = 1.0;
				PRODUCT_BUNDLE_IDENTIFIER = abc.test.apiHitinswiftui;
				PRODUCT_NAME = "$(TARGET_NAME)";
				SWIFT_EMIT_LOC_STRINGS = YES;
				SWIFT_VERSION = 5.0;
				TARGETED_DEVICE_FAMILY = "1,2";
			};
			name = Debug;
		};
		92F64C462B0F20EC0056093F /* Release */ = {
			isa = XCBuildConfiguration;
			buildSettings = {
				ASSETCATALOG_COMPILER_APPICON_NAME = AppIcon;
				ASSETCATALOG_COMPILER_GLOBAL_ACCENT_COLOR_NAME = AccentColor;
				CODE_SIGN_STYLE = Automatic;
				CURRENT_PROJECT_VERSION = 1;
				DEVELOPMENT_ASSET_PATHS = "\"apiHitinswiftui/Preview Content\"";
				ENABLE_PREVIEWS = YES;
				GENERATE_INFOPLIST_FILE = YES;
				INFOPLIST_KEY_UIApplicationSceneManifest_Generation = YES;
				INFOPLIST_KEY_UIApplicationSupportsIndirectInputEvents = YES;
				INFOPLIST_KEY_UILaunchScreen_Generation = YES;
				INFOPLIST_KEY_UISupportedInterfaceOrientations_iPad = "UIInterfaceOrientationPortrait UIInterfaceOrientationPortraitUpsideDown UIInterfaceOrientationLandscapeLeft UIInterfaceOrientationLandscapeRight";
				INFOPLIST_KEY_UISupportedInterfaceOrientations_iPhone = "UIInterfaceOrientationPortrait UIInterfaceOrientationLandscapeLeft UIInterfaceOrientationLandscapeRight";
				LD_RUNPATH_SEARCH_PATHS = (
					"$(inherited)",
					"@executable_path/Frameworks",
				);
				MARKETING_VERSION = 1.0;
				PRODUCT_BUNDLE_IDENTIFIER = abc.test.apiHitinswiftui;
				PRODUCT_NAME = "$(TARGET_NAME)";
				SWIFT_EMIT_LOC_STRINGS = YES;
				SWIFT_VERSION = 5.0;
				TARGETED_DEVICE_FAMILY = "1,2";
			};
			name = Release;
		};
/* End XCBuildConfiguration section */

/* Begin XCConfigurationList section */
		92F64C312B0F20E90056093F /* Build configuration list for PBXProject "apiHitinswiftui" */ = {
			isa = XCConfigurationList;
			buildConfigurations = (
				92F64C422B0F20EC0056093F /* Debug */,
				92F64C432B0F20EC0056093F /* Release */,
			);
			defaultConfigurationIsVisible = 0;
			defaultConfigurationName = Release;
		};
		92F64C442B0F20EC0056093F /* Build configuration list for PBXNativeTarget "apiHitinswiftui" */ = {
			isa = XCConfigurationList;
			buildConfigurations = (
				92F64C452B0F20EC0056093F /* Debug */,
				92F64C462B0F20EC0056093F /* Release */,
			);
			defaultConfigurationIsVisible = 0;
			defaultConfigurationName = Release;
		};
/* End XCConfigurationList section */
	};
	rootObject = 92F64C2E2B0F20E90056093F /* Project object */;
}
